
Microsoft Visual Studio Solution File, Format Version 12.00
# Visual Studio Version 17
VisualStudioVersion = 17.7.34221.43
MinimumVisualStudioVersion = 10.0.40219.1
Project("{8BC9CEB8-8B4A-11D0-8D11-00A0C91BC942}") = "OneOrMinusOne", "OneOrMinusOne\OneOrMinusOne.vcxproj", "{9CFDC967-1D07-4D81-8F63-D2F409C9CBCF}"
EndProject
Global
	GlobalSection(SolutionConfigurationPlatforms) = preSolution
		Debug|x64 = Debug|x64
		Debug|x86 = Debug|x86
		Release|x64 = Release|x64
		Release|x86 = Release|x86
	EndGlobalSection
	GlobalSection(ProjectConfigurationPlatforms) = postSolution
		{9CFDC967-1D07-4D81-8F63-D2F409C9CBCF}.Debug|x64.ActiveCfg = Debug|x64
		{9CFDC967-1D07-4D81-8F63-D2F409C9CBCF}.Debug|x64.Build.0 = Debug|x64
		{9CFDC967-1D07-4D81-8F63-D2F409C9CBCF}.Debug|x86.ActiveCfg = Debug|Win32
		{9CFDC967-1D07-4D81-8F63-D2F409C9CBCF}.Debug|x86.Build.0 = Debug|Win32
		{9CFDC967-1D07-4D81-8F63-D2F409C9CBCF}.Release|x64.ActiveCfg = Release|x64
		{9CFDC967-1D07-4D81-8F63-D2F409C9CBCF}.Release|x64.Build.0 = Release|x64
		{9CFDC967-1D07-4D81-8F63-D2F409C9CBCF}.Release|x86.ActiveCfg = Release|Win32
		{9CFDC967-1D07-4D81-8F63-D2F409C9CBCF}.Release|x86.Build.0 = Release|Win32
	EndGlobalSection
	GlobalSection(SolutionProperties) = preSolution
		HideSolutionNode = FALSE
	EndGlobalSection
	GlobalSection(ExtensibilityGlobals) = postSolution
		SolutionGuid = {E6C74D59-211E-4B8C-891E-4FE3B75E2614}
	EndGlobalSection
EndGlobal
